
Microsoft Visual Studio Solution File, Format Version 12.00
# Visual Studio 15
VisualStudioVersion = 15.0.27703.2026
MinimumVisualStudioVersion = 10.0.40219.1
Project("{FAE04EC0-301F-11D3-BF4B-00C04F79EFBC}") = "sahteverikullanim", "..\sahteverikullanim\sahteverikullanim.csproj", "{108D850D-EC6D-4B26-8AD2-B6886BD8A86C}"
EndProject
Project("{FAE04EC0-301F-11D3-BF4B-00C04F79EFBC}") = "SahteVeri", "SahteVeri\SahteVeri.csproj", "{662C5248-914B-42E9-B516-B379DCF2722E}"
EndProject
Global
	GlobalSection(SolutionConfigurationPlatforms) = preSolution
		Debug|Any CPU = Debug|Any CPU
		Release|Any CPU = Release|Any CPU
	EndGlobalSection
	GlobalSection(ProjectConfigurationPlatforms) = postSolution
		{108D850D-EC6D-4B26-8AD2-B6886BD8A86C}.Debug|Any CPU.ActiveCfg = Debug|Any CPU
		{108D850D-EC6D-4B26-8AD2-B6886BD8A86C}.Debug|Any CPU.Build.0 = Debug|Any CPU
		{108D850D-EC6D-4B26-8AD2-B6886BD8A86C}.Release|Any CPU.ActiveCfg = Release|Any CPU
		{108D850D-EC6D-4B26-8AD2-B6886BD8A86C}.Release|Any CPU.Build.0 = Release|Any CPU
		{662C5248-914B-42E9-B516-B379DCF2722E}.Debug|Any CPU.ActiveCfg = Debug|Any CPU
		{662C5248-914B-42E9-B516-B379DCF2722E}.Debug|Any CPU.Build.0 = Debug|Any CPU
		{662C5248-914B-42E9-B516-B379DCF2722E}.Release|Any CPU.ActiveCfg = Release|Any CPU
		{662C5248-914B-42E9-B516-B379DCF2722E}.Release|Any CPU.Build.0 = Release|Any CPU
	EndGlobalSection
	GlobalSection(SolutionProperties) = preSolution
		HideSolutionNode = FALSE
	EndGlobalSection
	GlobalSection(ExtensibilityGlobals) = postSolution
		SolutionGuid = {5E867F39-D730-404C-B291-A12BE102D7D8}
	EndGlobalSection
EndGlobal
